{
  "name": "lan-party-client",
  "version": "0.0.0",
  "lockfileVersion": 1,
  "requires": true,
  "dependencies": {
    "@angular/animations": {
      "version": "5.1.1",
      "resolved": "https://registry.npmjs.org/@angular/animations/-/animations-5.1.1.tgz",
      "integrity": "sha512-PHLBWDnAzr5b5l52pk5ZYmv/6m0YUe2ICwu5dmbS0d8Kf5dXadMphAWCDbljMF+djGyZeFq2/dQ/t7ygYl3YuA==",
      "requires": {
        "tslib": "1.8.1"
      }
    },
    "@angular/common": {
      "version": "5.1.1",
      "resolved": "https://registry.npmjs.org/@angular/common/-/common-5.1.1.tgz",
      "integrity": "sha512-SFRzdDthoiKaMLuV+TAwjKXFWwTRFGuidlWC3BhUf8/HzNSePAdvfdQcqbEaE5buMn403OV105S9Tyx5tILQeA==",
      "requires": {
        "tslib": "1.8.1"
      }
    },
    "@angular/compiler": {
      "version": "5.1.1",
      "resolved": "https://registry.npmjs.org/@angular/compiler/-/compiler-5.1.1.tgz",
      "integrity": "sha512-k4J2kRiBjtjkDcDut2JVUpqQGLJWd8j3Don+swzZHuEklbLmsVRGM6u/fmH0K9TMwKHtC5Ycap8kj4bWXUYfwg==",
      "requires": {
        "tslib": "1.8.1"
      }
    },
    "@angular/core": {
      "version": "5.1.1",
      "resolved": "https://registry.npmjs.org/@angular/core/-/core-5.1.1.tgz",
      "integrity": "sha512-8HJ0lNM5Z+pf+JfOl5mAWgNfrdtnMhVcEGCEniJAQweKOfYCziuyB0ALkX/Q6jGmd2IshR36SarwCYEc5ttt/w==",
      "requires": {
        "tslib": "1.8.1"
      }
    },
    "@angular/forms": {
      "version": "5.1.1",
      "resolved": "https://registry.npmjs.org/@angular/forms/-/forms-5.1.1.tgz",
      "integrity": "sha512-4iN/8N0DgnV82XIb/8PqlFIGrog8BHJlzQ9sdAlpT29biPFezFpqpsXkjLBouBc7oBFTgoyXMgWDj8IGRmwLGQ==",
      "requires": {
        "tslib": "1.8.1"
      }
    },
    "@angular/http": {
      "version": "5.1.1",
      "resolved": "https://registry.npmjs.org/@angular/http/-/http-5.1.1.tgz",
      "integrity": "sha512-oeiLX00TaFlGS5Y4EAGnxxVitN8T9X8olhSC+XDDAAL3JHTAyh4dj7me8vNZk1VaqPFa9AXu4D34vu1Zsm0c1g==",
      "requires": {
        "tslib": "1.8.1"
      }
    },
    "@angular/platform-browser": {
      "version": "5.1.1",
      "resolved": "https://registry.npmjs.org/@angular/platform-browser/-/platform-browser-5.1.1.tgz",
      "integrity": "sha512-QpkNXoO2pqURQJxXPhZo6RFeirKbr56O0SwoMpYfXGGN1qEIicoWZHobCUTp7/jvjx5Xjc7886Fvu/qJrE7wVA==",
      "requires": {
        "tslib": "1.8.1"
      }
    },
    "@angular/platform-browser-dynamic": {
      "version": "5.1.1",
      "resolved": "https://registry.npmjs.org/@angular/platform-browser-dynamic/-/platform-browser-dynamic-5.1.1.tgz",
      "integrity": "sha512-xnin1eK5nF7EO4tYZvRlhT28DyhL3p4NKWsZQwfqyBwSF0T2mJ1vjhjCZVT0MmaOyt5D+0eUkHIhBDqeZyBMMQ==",
      "requires": {
        "tslib": "1.8.1"
      }
    },
    "@angular/router": {
      "version": "5.1.1",
      "resolved": "https://registry.npmjs.org/@angular/router/-/router-5.1.1.tgz",
      "integrity": "sha512-96mBZS1b1Dt7HFOGKh5zI/1U6F3zT4cdjIaBmcCKkbyKhs3WRAPXxxCkuCwr6lWmBeQt4iEvSdXiHQbD0iCG7Q==",
      "requires": {
        "tslib": "1.8.1"
      }
    },
    "@types/socket.io-client": {
      "version": "1.4.32",
      "resolved": "https://registry.npmjs.org/@types/socket.io-client/-/socket.io-client-1.4.32.tgz",
      "integrity": "sha512-Vs55Kq8F+OWvy1RLA31rT+cAyemzgm0EWNeax6BWF8H7QiiOYMJIdcwSDdm5LVgfEkoepsWkS+40+WNb7BUMbg=="
    },
    "after": {
      "version": "0.8.2",
      "resolved": "https://registry.npmjs.org/after/-/after-0.8.2.tgz",
      "integrity": "sha1-/ts5T58OAqqXaOcCvaI7UF+ufh8="
    },
    "arraybuffer.slice": {
      "version": "0.0.6",
      "resolved": "https://registry.npmjs.org/arraybuffer.slice/-/arraybuffer.slice-0.0.6.tgz",
      "integrity": "sha1-8zshWfBTKj8xB6JywMz70a0peco="
    },
    "async-limiter": {
      "version": "1.0.0",
      "resolved": "https://registry.npmjs.org/async-limiter/-/async-limiter-1.0.0.tgz",
      "integrity": "sha512-jp/uFnooOiO+L211eZOoSyzpOITMXx1rBITauYykG3BRYPu8h0UcxsPNB04RR5vo4Tyz3+ay17tR6JVf9qzYWg=="
    },
    "backo2": {
      "version": "1.0.2",
      "resolved": "https://registry.npmjs.org/backo2/-/backo2-1.0.2.tgz",
      "integrity": "sha1-MasayLEpNjRj41s+u2n038+6eUc="
    },
    "base64-arraybuffer": {
      "version": "0.1.5",
      "resolved": "https://registry.npmjs.org/base64-arraybuffer/-/base64-arraybuffer-0.1.5.tgz",
      "integrity": "sha1-c5JncZI7Whl0etZmqlzUv5xunOg="
    },
    "better-assert": {
      "version": "1.0.2",
      "resolved": "https://registry.npmjs.org/better-assert/-/better-assert-1.0.2.tgz",
      "integrity": "sha1-QIZrnhueC1W0gYlDEeaPr/rrxSI=",
      "requires": {
        "callsite": "1.0.0"
      }
    },
    "blob": {
      "version": "0.0.4",
      "resolved": "https://registry.npmjs.org/blob/-/blob-0.0.4.tgz",
      "integrity": "sha1-vPEwUspURj8w+fx+lbmkdjCpSSE="
    },
    "bootstrap": {
      "version": "3.3.7",
      "resolved": "https://registry.npmjs.org/bootstrap/-/bootstrap-3.3.7.tgz",
      "integrity": "sha1-WjiTlFSfIzMIdaOxUGVldPip63E="
    },
    "callsite": {
      "version": "1.0.0",
      "resolved": "https://registry.npmjs.org/callsite/-/callsite-1.0.0.tgz",
      "integrity": "sha1-KAOY5dZkvXQDi28JBRU+borxvCA="
    },
    "component-bind": {
      "version": "1.0.0",
      "resolved": "https://registry.npmjs.org/component-bind/-/component-bind-1.0.0.tgz",
      "integrity": "sha1-AMYIq33Nk4l8AAllGx06jh5zu9E="
    },
    "component-inherit": {
      "version": "0.0.3",
      "resolved": "https://registry.npmjs.org/component-inherit/-/component-inherit-0.0.3.tgz",
      "integrity": "sha1-ZF/ErfWLcrZJ1crmUTVhnbJv8UM="
    },
    "core-js": {
      "version": "2.5.3",
      "resolved": "https://registry.npmjs.org/core-js/-/core-js-2.5.3.tgz",
      "integrity": "sha1-isw4NFgk8W2DZbfJtCWRaOjtYD4="
    },
    "core-util-is": {
      "version": "1.0.2",
      "resolved": "https://registry.npmjs.org/core-util-is/-/core-util-is-1.0.2.tgz",
      "integrity": "sha1-tf1UIgqivFq1eqtxQMlAdUUDwac="
    },
    "cycle": {
      "version": "1.0.3",
      "resolved": "https://registry.npmjs.org/cycle/-/cycle-1.0.3.tgz",
      "integrity": "sha1-IegLK+hYD5i0aPN5QwZisEbDStI="
    },
    "debug": {
      "version": "2.6.9",
      "resolved": "https://registry.npmjs.org/debug/-/debug-2.6.9.tgz",
      "integrity": "sha512-bC7ElrdJaJnPbAP+1EotYvqZsb3ecl5wi6Bfi6BJTUcNowp6cvspg0jXznRTKDjm/E7AdgFBVeAPVMNcKGsHMA==",
      "requires": {
        "ms": "2.0.0"
      }
    },
    "deep-is": {
      "version": "0.1.2",
      "resolved": "https://registry.npmjs.org/deep-is/-/deep-is-0.1.2.tgz",
      "integrity": "sha1-nO1l6gvAsJ9CptecGxkD+dkTzBg="
    },
    "dgram": {
      "version": "1.0.1",
      "resolved": "https://registry.npmjs.org/dgram/-/dgram-1.0.1.tgz",
      "integrity": "sha1-N/OyAPgDOl/3WTAwicgc42G2UcM="
    },
    "duplex-child-process": {
      "version": "0.0.5",
      "resolved": "https://registry.npmjs.org/duplex-child-process/-/duplex-child-process-0.0.5.tgz",
      "integrity": "sha1-HCRiuOyP0B5DKDbrvVkrzf+7Zek="
    },
    "engine.io-client": {
      "version": "3.1.4",
      "resolved": "https://registry.npmjs.org/engine.io-client/-/engine.io-client-3.1.4.tgz",
      "integrity": "sha1-T88TcLRxY70s6b4nM5ckMDUNTqE=",
      "requires": {
        "component-emitter": "1.2.1",
        "component-inherit": "0.0.3",
        "debug": "2.6.9",
        "engine.io-parser": "2.1.1",
        "has-cors": "1.1.0",
        "indexof": "0.0.1",
        "parseqs": "0.0.5",
        "parseuri": "0.0.5",
        "ws": "3.3.3",
        "xmlhttprequest-ssl": "1.5.4",
        "yeast": "0.1.2"
      },
      "dependencies": {
        "component-emitter": {
          "version": "1.2.1",
          "resolved": "https://registry.npmjs.org/component-emitter/-/component-emitter-1.2.1.tgz",
          "integrity": "sha1-E3kY1teCg/ffemt8WmPhQOaUJeY="
        },
        "engine.io-parser": {
          "version": "2.1.1",
          "resolved": "https://registry.npmjs.org/engine.io-parser/-/engine.io-parser-2.1.1.tgz",
          "integrity": "sha1-4Ps/DgRi9/WLt3waUun1p+JuRmg=",
          "requires": {
            "after": "0.8.2",
            "arraybuffer.slice": "0.0.6",
            "base64-arraybuffer": "0.1.5",
            "blob": "0.0.4",
            "has-binary2": "1.0.2"
          }
        },
        "ultron": {
          "version": "1.1.1",
          "resolved": "https://registry.npmjs.org/ultron/-/ultron-1.1.1.tgz",
          "integrity": "sha512-UIEXBNeYmKptWH6z8ZnqTeS8fV74zG0/eRU9VGkpzz+LIJNs8W/zM/L+7ctCkRrgbNnnR0xxw4bKOr0cW0N0Og=="
        },
        "ws": {
          "version": "3.3.3",
          "resolved": "https://registry.npmjs.org/ws/-/ws-3.3.3.tgz",
          "integrity": "sha512-nnWLa/NwZSt4KQJu51MYlCcSQ5g7INpOrOMt4XV8j4dqTXdmlUmSHQ8/oLC069ckre0fRsgfvsKwbTdtKLCDkA==",
          "requires": {
            "async-limiter": "1.0.0",
            "safe-buffer": "5.1.1",
            "ultron": "1.1.1"
          }
        }
      }
    },
    "eyes": {
      "version": "0.1.8",
      "resolved": "https://registry.npmjs.org/eyes/-/eyes-0.1.8.tgz",
      "integrity": "sha1-Ys8SAjTGg3hdkCNIqADvPgzCC8A="
    },
    "ftp": {
      "version": "0.3.10",
      "resolved": "https://registry.npmjs.org/ftp/-/ftp-0.3.10.tgz",
      "integrity": "sha1-kZfYYa2BQvPmPVqDv+TFn3MwiF0=",
      "requires": {
        "readable-stream": "1.1.14",
        "xregexp": "2.0.0"
      },
      "dependencies": {
        "isarray": {
          "version": "0.0.1",
          "resolved": "https://registry.npmjs.org/isarray/-/isarray-0.0.1.tgz",
          "integrity": "sha1-ihis/Kmo9Bd+Cav8YDiTmwXR7t8="
        },
        "readable-stream": {
          "version": "1.1.14",
          "resolved": "https://registry.npmjs.org/readable-stream/-/readable-stream-1.1.14.tgz",
          "integrity": "sha1-fPTFTvZI44EwhMY23SB54WbAgdk=",
          "requires": {
            "core-util-is": "1.0.2",
            "inherits": "2.0.3",
            "isarray": "0.0.1",
            "string_decoder": "0.10.31"
          }
        },
        "string_decoder": {
          "version": "0.10.31",
          "resolved": "https://registry.npmjs.org/string_decoder/-/string_decoder-0.10.31.tgz",
          "integrity": "sha1-YuIDvEF2bGwoyfyEMB2rHFMQ+pQ="
        }
      }
    },
    "ftp-client": {
      "version": "0.2.2",
      "resolved": "https://registry.npmjs.org/ftp-client/-/ftp-client-0.2.2.tgz",
      "integrity": "sha1-vOojViq5PCOKjhzzKZU0zIxpCgo=",
      "requires": {
        "async": "0.8.0",
        "ftp": "0.3.10",
        "glob": "3.2.11",
        "lodash": "2.4.2"
      },
      "dependencies": {
        "async": {
          "version": "0.8.0",
          "resolved": "https://registry.npmjs.org/async/-/async-0.8.0.tgz",
          "integrity": "sha1-7mXsdymML/FFa8RBigUtDwZDURI="
        },
        "glob": {
          "version": "3.2.11",
          "resolved": "https://registry.npmjs.org/glob/-/glob-3.2.11.tgz",
          "integrity": "sha1-Spc/Y1uRkPcV0QmH1cAP0oFevj0=",
          "requires": {
            "inherits": "2.0.3",
            "minimatch": "0.3.0"
          }
        },
        "lodash": {
          "version": "2.4.2",
          "resolved": "https://registry.npmjs.org/lodash/-/lodash-2.4.2.tgz",
          "integrity": "sha1-+t2DS5aDBz2hebPq5tnA0VBT9z4="
        },
        "lru-cache": {
          "version": "2.7.3",
          "resolved": "https://registry.npmjs.org/lru-cache/-/lru-cache-2.7.3.tgz",
          "integrity": "sha1-bUUk6LlV+V1PW1iFHOId1y+06VI="
        },
        "minimatch": {
          "version": "0.3.0",
          "resolved": "https://registry.npmjs.org/minimatch/-/minimatch-0.3.0.tgz",
          "integrity": "sha1-J12O2qxPG7MyZHIInnlJyDlGmd0=",
          "requires": {
            "lru-cache": "2.7.3",
            "sigmund": "1.0.1"
          }
        }
      }
    },
    "ftps": {
      "version": "1.1.0",
      "resolved": "https://registry.npmjs.org/ftps/-/ftps-1.1.0.tgz",
      "integrity": "sha1-ZH7tTcNl++DxJhSZ8wv7g6e6Lak=",
      "requires": {
        "duplex-child-process": "0.0.5",
        "lodash": "4.17.4"
      }
    },
    "guid": {
      "version": "0.0.12",
      "resolved": "https://registry.npmjs.org/guid/-/guid-0.0.12.tgz",
      "integrity": "sha1-kTfFKxhffeEkkLm+vMFmC5Al/gw="
    },
    "has-binary2": {
      "version": "1.0.2",
      "resolved": "https://registry.npmjs.org/has-binary2/-/has-binary2-1.0.2.tgz",
      "integrity": "sha1-6D26SfC5vk0CbSc2U1DZ8D9Uvpg=",
      "requires": {
        "isarray": "2.0.1"
      },
      "dependencies": {
        "isarray": {
          "version": "2.0.1",
          "resolved": "https://registry.npmjs.org/isarray/-/isarray-2.0.1.tgz",
          "integrity": "sha1-o32U7ZzaLVmGXJ92/llu4fM4dB4="
        }
      }
    },
    "has-cors": {
      "version": "1.1.0",
      "resolved": "https://registry.npmjs.org/has-cors/-/has-cors-1.1.0.tgz",
      "integrity": "sha1-XkdHk/fqmEPRu5nCPu9J/xJv/zk="
    },
    "indexof": {
      "version": "0.0.1",
      "resolved": "https://registry.npmjs.org/indexof/-/indexof-0.0.1.tgz",
      "integrity": "sha1-gtwzbSMrkGIXnQWrMpOmYFn9Q10="
    },
    "inherits": {
      "version": "2.0.3",
      "resolved": "https://registry.npmjs.org/inherits/-/inherits-2.0.3.tgz",
      "integrity": "sha1-Yzwsg+PaQqUC9SRmAiSA9CCCYd4="
    },
    "is2": {
      "version": "0.0.12",
      "resolved": "https://registry.npmjs.org/is2/-/is2-0.0.12.tgz",
      "integrity": "sha1-zriH9RakgtAn53EP21fA/9kp8Nc=",
      "requires": {
        "deep-is": "0.1.2"
      }
    },
    "isstream": {
      "version": "0.1.2",
      "resolved": "https://registry.npmjs.org/isstream/-/isstream-0.1.2.tgz",
      "integrity": "sha1-R+Y/evVa+m+S4VAOaQ64uFKcCZo="
    },
    "jquery": {
      "version": "3.2.1",
      "resolved": "https://registry.npmjs.org/jquery/-/jquery-3.2.1.tgz",
      "integrity": "sha1-XE2d5lKvbNCncBVKYxu6ErAVx4c="
    },
    "lodash": {
      "version": "4.17.4",
      "resolved": "https://registry.npmjs.org/lodash/-/lodash-4.17.4.tgz",
      "integrity": "sha1-eCA6TRwyiuHYbcpkYONptX9AVa4="
    },
    "ms": {
      "version": "2.0.0",
      "resolved": "https://registry.npmjs.org/ms/-/ms-2.0.0.tgz",
      "integrity": "sha1-VgiurfwAvmwpAd9fmGF4jeDVl8g="
    },
    "ng-socket-io": {
      "version": "0.2.0",
      "resolved": "https://registry.npmjs.org/ng-socket-io/-/ng-socket-io-0.2.0.tgz",
      "integrity": "sha1-1FlbuCtKnSt8tPMcseINfOL3/EY=",
      "requires": {
        "@types/socket.io-client": "1.4.32",
        "socket.io-client": "2.0.4"
      },
      "dependencies": {
        "component-emitter": {
          "version": "1.2.1",
          "resolved": "https://registry.npmjs.org/component-emitter/-/component-emitter-1.2.1.tgz",
          "integrity": "sha1-E3kY1teCg/ffemt8WmPhQOaUJeY="
        },
        "engine.io-client": {
          "version": "3.1.4",
          "resolved": "https://registry.npmjs.org/engine.io-client/-/engine.io-client-3.1.4.tgz",
          "integrity": "sha1-T88TcLRxY70s6b4nM5ckMDUNTqE=",
          "requires": {
            "component-emitter": "1.2.1",
            "component-inherit": "0.0.3",
            "debug": "2.6.9",
            "engine.io-parser": "2.1.1",
            "has-cors": "1.1.0",
            "indexof": "0.0.1",
            "parseqs": "0.0.5",
            "parseuri": "0.0.5",
            "ws": "3.3.3",
            "xmlhttprequest-ssl": "1.5.4",
            "yeast": "0.1.2"
          }
        },
        "engine.io-parser": {
          "version": "2.1.1",
          "resolved": "https://registry.npmjs.org/engine.io-parser/-/engine.io-parser-2.1.1.tgz",
          "integrity": "sha1-4Ps/DgRi9/WLt3waUun1p+JuRmg=",
          "requires": {
            "after": "0.8.2",
            "arraybuffer.slice": "0.0.6",
            "base64-arraybuffer": "0.1.5",
            "blob": "0.0.4",
            "has-binary2": "1.0.2"
          }
        },
        "isarray": {
          "version": "2.0.1",
          "resolved": "https://registry.npmjs.org/isarray/-/isarray-2.0.1.tgz",
          "integrity": "sha1-o32U7ZzaLVmGXJ92/llu4fM4dB4="
        },
        "socket.io-client": {
          "version": "2.0.4",
          "resolved": "https://registry.npmjs.org/socket.io-client/-/socket.io-client-2.0.4.tgz",
          "integrity": "sha1-CRilUkBtxeVAs4Dc2Xr8SmQzL44=",
          "requires": {
            "backo2": "1.0.2",
            "base64-arraybuffer": "0.1.5",
            "component-bind": "1.0.0",
            "component-emitter": "1.2.1",
            "debug": "2.6.9",
            "engine.io-client": "3.1.4",
            "has-cors": "1.1.0",
            "indexof": "0.0.1",
            "object-component": "0.0.3",
            "parseqs": "0.0.5",
            "parseuri": "0.0.5",
            "socket.io-parser": "3.1.2",
            "to-array": "0.1.4"
          }
        },
        "socket.io-parser": {
          "version": "3.1.2",
          "resolved": "https://registry.npmjs.org/socket.io-parser/-/socket.io-parser-3.1.2.tgz",
          "integrity": "sha1-28IoIVH8T6675Aru3Ady66YZ9/I=",
          "requires": {
            "component-emitter": "1.2.1",
            "debug": "2.6.9",
            "has-binary2": "1.0.2",
            "isarray": "2.0.1"
          }
        },
        "ultron": {
          "version": "1.1.1",
          "resolved": "https://registry.npmjs.org/ultron/-/ultron-1.1.1.tgz",
          "integrity": "sha512-UIEXBNeYmKptWH6z8ZnqTeS8fV74zG0/eRU9VGkpzz+LIJNs8W/zM/L+7ctCkRrgbNnnR0xxw4bKOr0cW0N0Og=="
        },
        "ws": {
          "version": "3.3.3",
          "resolved": "https://registry.npmjs.org/ws/-/ws-3.3.3.tgz",
          "integrity": "sha512-nnWLa/NwZSt4KQJu51MYlCcSQ5g7INpOrOMt4XV8j4dqTXdmlUmSHQ8/oLC069ckre0fRsgfvsKwbTdtKLCDkA==",
          "requires": {
            "async-limiter": "1.0.0",
            "safe-buffer": "5.1.1",
            "ultron": "1.1.1"
          }
        },
        "xmlhttprequest-ssl": {
          "version": "1.5.4",
          "resolved": "https://registry.npmjs.org/xmlhttprequest-ssl/-/xmlhttprequest-ssl-1.5.4.tgz",
          "integrity": "sha1-BPVgkVcks4kIhxXMDteBPpZ3v1c="
        }
      }
    },
    "ngx-bootstrap": {
      "version": "2.0.2",
      "resolved": "https://registry.npmjs.org/ngx-bootstrap/-/ngx-bootstrap-2.0.2.tgz",
      "integrity": "sha512-4ZTltcStUED2JzI9Hd1+FDaMQmukzbeBSS02hdTvuUJ+9hNtGLMSPGdPNRIniIyItzv3v3emJrAAtKkvOMxyCA=="
    },
    "ngx-electron": {
      "version": "1.0.4",
      "resolved": "https://registry.npmjs.org/ngx-electron/-/ngx-electron-1.0.4.tgz",
      "integrity": "sha512-dKSizgs6EUE5lvXq/kxQQSvrPEqamHlMje2xSTwUFHZq1krNjVPJv1mwnDPfVswI6gFheidLrV998F9aPbYRYg=="
    },
    "ngx-filter-pipe": {
      "version": "1.0.1",
      "resolved": "https://registry.npmjs.org/ngx-filter-pipe/-/ngx-filter-pipe-1.0.1.tgz",
      "integrity": "sha512-oLhDGBkPkkuJwOOw68R+2PHWc0puNSwG8Q5LZCYykbQ6wAzPKLALLzyJMHkLzLeKdZNavrnq5gItaq4NAcpORA=="
    },
    "obj-to-json": {
      "version": "0.0.2",
      "resolved": "https://registry.npmjs.org/obj-to-json/-/obj-to-json-0.0.2.tgz",
      "integrity": "sha1-1EKCy9El4qdjPAJrZ3+iuxcYFjs=",
      "requires": {
        "debug": "0.7.4",
        "is2": "0.0.12"
      },
      "dependencies": {
        "debug": {
          "version": "0.7.4",
          "resolved": "https://registry.npmjs.org/debug/-/debug-0.7.4.tgz",
          "integrity": "sha1-BuHqgILCyxTjmAbiLi9vdX+Srzk="
        }
      }
    },
    "object-component": {
      "version": "0.0.3",
      "resolved": "https://registry.npmjs.org/object-component/-/object-component-0.0.3.tgz",
      "integrity": "sha1-8MaapQ78lbhmwYb0AKM3acsvEpE="
    },
    "parseqs": {
      "version": "0.0.5",
      "resolved": "https://registry.npmjs.org/parseqs/-/parseqs-0.0.5.tgz",
      "integrity": "sha1-1SCKNzjkZ2bikbouoXNoSSGouJ0=",
      "requires": {
        "better-assert": "1.0.2"
      }
    },
    "parseuri": {
      "version": "0.0.5",
      "resolved": "https://registry.npmjs.org/parseuri/-/parseuri-0.0.5.tgz",
      "integrity": "sha1-gCBKUNTbt3m/3G6+J3jZDkvOMgo=",
      "requires": {
        "better-assert": "1.0.2"
      }
    },
    "rxjs": {
      "version": "5.5.5",
      "resolved": "https://registry.npmjs.org/rxjs/-/rxjs-5.5.5.tgz",
      "integrity": "sha512-D/MfQnPMBk8P8gfwGxvCkuaWBcG58W7dUMT//URPoYzIbDEKT0GezdirkK5whMgKFBATfCoTpxO8bJQGJ04W5A==",
      "requires": {
        "symbol-observable": "1.0.1"
      }
    },
    "safe-buffer": {
      "version": "5.1.1",
      "resolved": "https://registry.npmjs.org/safe-buffer/-/safe-buffer-5.1.1.tgz",
      "integrity": "sha512-kKvNJn6Mm93gAczWVJg7wH+wGYWNrDHdWvpUmHyEsgCtIwwo3bqPtV4tR5tuPaUhTOo/kvhVwd8XwwOllGYkbg=="
    },
    "sigmund": {
      "version": "1.0.1",
      "resolved": "https://registry.npmjs.org/sigmund/-/sigmund-1.0.1.tgz",
      "integrity": "sha1-P/IfGYytIXX587eBhT/ZTQ0ZtZA="
    },
    "socket.io-client": {
      "version": "2.0.4",
      "resolved": "https://registry.npmjs.org/socket.io-client/-/socket.io-client-2.0.4.tgz",
      "integrity": "sha1-CRilUkBtxeVAs4Dc2Xr8SmQzL44=",
      "requires": {
        "backo2": "1.0.2",
        "base64-arraybuffer": "0.1.5",
        "component-bind": "1.0.0",
        "component-emitter": "1.2.1",
        "debug": "2.6.9",
        "engine.io-client": "3.1.4",
        "has-cors": "1.1.0",
        "indexof": "0.0.1",
        "object-component": "0.0.3",
        "parseqs": "0.0.5",
        "parseuri": "0.0.5",
        "socket.io-parser": "3.1.2",
        "to-array": "0.1.4"
      },
      "dependencies": {
        "component-emitter": {
          "version": "1.2.1",
          "resolved": "https://registry.npmjs.org/component-emitter/-/component-emitter-1.2.1.tgz",
          "integrity": "sha1-E3kY1teCg/ffemt8WmPhQOaUJeY="
        },
        "isarray": {
          "version": "2.0.1",
          "resolved": "https://registry.npmjs.org/isarray/-/isarray-2.0.1.tgz",
          "integrity": "sha1-o32U7ZzaLVmGXJ92/llu4fM4dB4="
        },
        "socket.io-parser": {
          "version": "3.1.2",
          "resolved": "https://registry.npmjs.org/socket.io-parser/-/socket.io-parser-3.1.2.tgz",
          "integrity": "sha1-28IoIVH8T6675Aru3Ady66YZ9/I=",
          "requires": {
            "component-emitter": "1.2.1",
            "debug": "2.6.9",
            "has-binary2": "1.0.2",
            "isarray": "2.0.1"
          }
        }
      }
    },
    "stack-trace": {
      "version": "0.0.10",
      "resolved": "https://registry.npmjs.org/stack-trace/-/stack-trace-0.0.10.tgz",
      "integrity": "sha1-VHxws0fo0ytOEI6hoqFZ5f3eGcA="
    },
    "symbol-observable": {
      "version": "1.0.1",
      "resolved": "https://registry.npmjs.org/symbol-observable/-/symbol-observable-1.0.1.tgz",
      "integrity": "sha1-g0D8RwLDEi310iKI+IKD9RPT/dQ="
    },
    "to-array": {
      "version": "0.1.4",
      "resolved": "https://registry.npmjs.org/to-array/-/to-array-0.1.4.tgz",
      "integrity": "sha1-F+bBH3PdTz10zaek/zI46a2b+JA="
    },
    "tslib": {
      "version": "1.8.1",
      "resolved": "https://registry.npmjs.org/tslib/-/tslib-1.8.1.tgz",
      "integrity": "sha1-aUavLR1lGnsYY7Ux1uWvpBqkTqw="
    },
    "udp-discovery": {
      "version": "0.0.3",
      "resolved": "https://registry.npmjs.org/udp-discovery/-/udp-discovery-0.0.3.tgz",
      "integrity": "sha1-C6VJNaLc+ubcGg5gYMR3rySJwkw=",
      "requires": {
        "debug": "0.7.4",
        "is2": "0.0.12",
        "obj-to-json": "0.0.2"
      },
      "dependencies": {
        "debug": {
          "version": "0.7.4",
          "resolved": "https://registry.npmjs.org/debug/-/debug-0.7.4.tgz",
          "integrity": "sha1-BuHqgILCyxTjmAbiLi9vdX+Srzk="
        }
      }
    },
    "udp-node": {
      "version": "2.1.0",
      "resolved": "https://registry.npmjs.org/udp-node/-/udp-node-2.1.0.tgz",
      "integrity": "sha1-a9ZrizFQ6xtYz+XHKvfmihtx/xY=",
      "requires": {
        "dgram": "1.0.1",
        "guid": "0.0.12",
        "winston": "2.4.0"
      }
    },
    "winston": {
      "version": "2.4.0",
      "resolved": "https://registry.npmjs.org/winston/-/winston-2.4.0.tgz",
      "integrity": "sha1-gIBQuT1SZh7Z+2wms/DIJnCLCu4=",
      "requires": {
        "async": "1.0.0",
        "colors": "1.0.3",
        "cycle": "1.0.3",
        "eyes": "0.1.8",
        "isstream": "0.1.2",
        "stack-trace": "0.0.10"
      },
      "dependencies": {
        "async": {
          "version": "1.0.0",
          "resolved": "https://registry.npmjs.org/async/-/async-1.0.0.tgz",
          "integrity": "sha1-+PwEyjoTeErenhZBr5hXjPvWR6k="
        },
        "colors": {
          "version": "1.0.3",
          "resolved": "https://registry.npmjs.org/colors/-/colors-1.0.3.tgz",
          "integrity": "sha1-BDP0TYCWgP3rYO0mDxsMJi6CpAs="
        }
      }
    },
    "xmlhttprequest-ssl": {
      "version": "1.5.4",
      "resolved": "https://registry.npmjs.org/xmlhttprequest-ssl/-/xmlhttprequest-ssl-1.5.4.tgz",
      "integrity": "sha1-BPVgkVcks4kIhxXMDteBPpZ3v1c="
    },
    "xregexp": {
      "version": "2.0.0",
      "resolved": "https://registry.npmjs.org/xregexp/-/xregexp-2.0.0.tgz",
      "integrity": "sha1-UqY+VsoLhKfzpfPWGHLxJq16WUM="
    },
    "yeast": {
      "version": "0.1.2",
      "resolved": "https://registry.npmjs.org/yeast/-/yeast-0.1.2.tgz",
      "integrity": "sha1-AI4G2AlDIMNy28L47XagymyKxBk="
    },
    "zone.js": {
      "version": "0.8.18",
      "resolved": "https://registry.npmjs.org/zone.js/-/zone.js-0.8.18.tgz",
      "integrity": "sha512-knKOBQM0oea3/x9pdyDuDi7RhxDlJhOIkeixXSiTKWLgs4LpK37iBc+1HaHwzlciHUKT172CymJFKo8Xgh+44Q=="
    }
  }
}
